
Microsoft Visual Studio Solution File, Format Version 12.00
# Visual Studio 14
VisualStudioVersion = 14.0.25420.1
MinimumVisualStudioVersion = 10.0.40219.1
Project("{FAE04EC0-301F-11D3-BF4B-00C04F79EFBC}") = "OpenDoors", "OpenDoors\OpenDoors.csproj", "{BF522BE6-942E-4FA8-872E-73EFF2A9FE22}"
EndProject
Project("{FAE04EC0-301F-11D3-BF4B-00C04F79EFBC}") = "OpenDoors.Tests", "OpenDoors.Tests\OpenDoors.Tests.csproj", "{152F02FB-A6F3-4FAB-AB89-6DDD06161189}"
EndProject
Project("{FAE04EC0-301F-11D3-BF4B-00C04F79EFBC}") = "OpenDoors.EntityDb", "OpenDoors.EntityDb\OpenDoors.EntityDb.csproj", "{2AD6D50F-C531-468E-B33F-FF22F2529F78}"
EndProject
Project("{2150E333-8FDC-42A3-9474-1A3956D46DE8}") = "Solution Items", "Solution Items", "{A3452F6D-A6FF-41E7-9DB1-87A4ED2C5108}"
	ProjectSection(SolutionItems) = preProject
		WebEssentials2015-Settings.json = WebEssentials2015-Settings.json
	EndProjectSection
EndProject
Global
	GlobalSection(SolutionConfigurationPlatforms) = preSolution
		Debug|Any CPU = Debug|Any CPU
		Release|Any CPU = Release|Any CPU
	EndGlobalSection
	GlobalSection(ProjectConfigurationPlatforms) = postSolution
		{BF522BE6-942E-4FA8-872E-73EFF2A9FE22}.Debug|Any CPU.ActiveCfg = Debug|Any CPU
		{BF522BE6-942E-4FA8-872E-73EFF2A9FE22}.Debug|Any CPU.Build.0 = Debug|Any CPU
		{BF522BE6-942E-4FA8-872E-73EFF2A9FE22}.Release|Any CPU.ActiveCfg = Release|Any CPU
		{BF522BE6-942E-4FA8-872E-73EFF2A9FE22}.Release|Any CPU.Build.0 = Release|Any CPU
		{152F02FB-A6F3-4FAB-AB89-6DDD06161189}.Debug|Any CPU.ActiveCfg = Debug|Any CPU
		{152F02FB-A6F3-4FAB-AB89-6DDD06161189}.Debug|Any CPU.Build.0 = Debug|Any CPU
		{152F02FB-A6F3-4FAB-AB89-6DDD06161189}.Release|Any CPU.ActiveCfg = Release|Any CPU
		{152F02FB-A6F3-4FAB-AB89-6DDD06161189}.Release|Any CPU.Build.0 = Release|Any CPU
		{2AD6D50F-C531-468E-B33F-FF22F2529F78}.Debug|Any CPU.ActiveCfg = Debug|Any CPU
		{2AD6D50F-C531-468E-B33F-FF22F2529F78}.Debug|Any CPU.Build.0 = Debug|Any CPU
		{2AD6D50F-C531-468E-B33F-FF22F2529F78}.Release|Any CPU.ActiveCfg = Release|Any CPU
		{2AD6D50F-C531-468E-B33F-FF22F2529F78}.Release|Any CPU.Build.0 = Release|Any CPU
	EndGlobalSection
	GlobalSection(SolutionProperties) = preSolution
		HideSolutionNode = FALSE
	EndGlobalSection
EndGlobal
